<?xml version="1.0" encoding="UTF-8" standalone="yes" ?>
<CodeBlocks_project_file>
	<FileVersion major="1" minor="6" />
	<Project>
		<Option title="Puzzle Solver" />
		<Option pch_mode="2" />
		<Option compiler="gcc" />
		<Build>
			<Target title="Debug">
				<Option output="bin/Debug/Puzzle Solver" prefix_auto="1" extension_auto="1" />
				<Option object_output="obj/Debug/" />
				<Option type="1" />
				<Option compiler="gcc" />
				<Compiler>
					<Add option="-g" />
				</Compiler>
			</Target>
			<Target title="Release">
				<Option output="bin/Release/Puzzle Solver" prefix_auto="1" extension_auto="1" />
				<Option object_output="obj/Release/" />
				<Option type="1" />
				<Option compiler="gcc" />
				<Compiler>
					<Add option="-O2" />
				</Compiler>
				<Linker>
					<Add option="-s" />
				</Linker>
			</Target>
		</Build>
		<Compiler>
			<Add option="-Wall" />
			<Add option="-fexceptions" />
		</Compiler>
		<Unit filename="entity/four_ary_tree.cpp" />
		<Unit filename="include/aturan_produksi.h" />
		<Unit filename="include/entity.h" />
		<Unit filename="include/four_ary_tree.h" />
		<Unit filename="include/operasi_dasar.h" />
		<Unit filename="include/pencarian.h" />
		<Unit filename="include/tampilan.h" />
		<Unit filename="lib/aturan_produksi.cpp" />
		<Unit filename="lib/entity.cpp" />
		<Unit filename="lib/operasi_dasar.cpp" />
		<Unit filename="lib/pencarian.cpp" />
		<Unit filename="lib/tampilan.cpp" />
		<Unit filename="main.cpp" />
		<Extensions>
			<lib_finder disable_auto="1" />
		</Extensions>
	</Project>
</CodeBlocks_project_file>
